// !$*UTF8*$!
{
	archiveVersion = 1;
	classes = {
	};
	objectVersion = 50;
	objects = {

/* Begin PBXBuildFile section */
		807358C524B630CA0031DBFF /* SimpleTimer WatchKit App.app in Embed Watch Content */ = {isa = PBXBuildFile; fileRef = 807358C424B630CA0031DBFF /* SimpleTimer WatchKit App.app */; settings = {ATTRIBUTES = (RemoveHeadersOnCopy, ); }; };
		807358CB24B630CA0031DBFF /* Interface.storyboard in Resources */ = {isa = PBXBuildFile; fileRef = 807358C924B630CA0031DBFF /* Interface.storyboard */; };
		807358CD24B630CC0031DBFF /* Assets.xcassets in Resources */ = {isa = PBXBuildFile; fileRef = 807358CC24B630CC0031DBFF /* Assets.xcassets */; };
		807358D424B630CC0031DBFF /* SimpleTimer WatchKit Extension.appex in Embed App Extensions */ = {isa = PBXBuildFile; fileRef = 807358D324B630CC0031DBFF /* SimpleTimer WatchKit Extension.appex */; settings = {ATTRIBUTES = (RemoveHeadersOnCopy, ); }; };
		807358D924B630CC0031DBFF /* ContentView.swift in Sources */ = {isa = PBXBuildFile; fileRef = 807358D824B630CC0031DBFF /* ContentView.swift */; };
		807358DB24B630CC0031DBFF /* HostingController.swift in Sources */ = {isa = PBXBuildFile; fileRef = 807358DA24B630CC0031DBFF /* HostingController.swift */; };
		807358DD24B630CC0031DBFF /* ExtensionDelegate.swift in Sources */ = {isa = PBXBuildFile; fileRef = 807358DC24B630CC0031DBFF /* ExtensionDelegate.swift */; };
		807358DF24B630CC0031DBFF /* NotificationController.swift in Sources */ = {isa = PBXBuildFile; fileRef = 807358DE24B630CC0031DBFF /* NotificationController.swift */; };
		807358E124B630CC0031DBFF /* NotificationView.swift in Sources */ = {isa = PBXBuildFile; fileRef = 807358E024B630CC0031DBFF /* NotificationView.swift */; };
		807358E324B630CD0031DBFF /* Assets.xcassets in Resources */ = {isa = PBXBuildFile; fileRef = 807358E224B630CD0031DBFF /* Assets.xcassets */; };
		807358E624B630CD0031DBFF /* Preview Assets.xcassets in Resources */ = {isa = PBXBuildFile; fileRef = 807358E524B630CD0031DBFF /* Preview Assets.xcassets */; };
/* End PBXBuildFile section */

/* Begin PBXContainerItemProxy section */
		807358C624B630CA0031DBFF /* PBXContainerItemProxy */ = {
			isa = PBXContainerItemProxy;
			containerPortal = 807358BA24B630CA0031DBFF /* Project object */;
			proxyType = 1;
			remoteGlobalIDString = 807358C324B630CA0031DBFF;
			remoteInfo = "SimpleTimer WatchKit App";
		};
		807358D524B630CC0031DBFF /* PBXContainerItemProxy */ = {
			isa = PBXContainerItemProxy;
			containerPortal = 807358BA24B630CA0031DBFF /* Project object */;
			proxyType = 1;
			remoteGlobalIDString = 807358D224B630CC0031DBFF;
			remoteInfo = "SimpleTimer WatchKit Extension";
		};
/* End PBXContainerItemProxy section */

/* Begin PBXCopyFilesBuildPhase section */
		807358EE24B630CD0031DBFF /* Embed App Extensions */ = {
			isa = PBXCopyFilesBuildPhase;
			buildActionMask = 2147483647;
			dstPath = "";
			dstSubfolderSpec = 13;
			files = (
				807358D424B630CC0031DBFF /* SimpleTimer WatchKit Extension.appex in Embed App Extensions */,
			);
			name = "Embed App Extensions";
			runOnlyForDeploymentPostprocessing = 0;
		};
		807358F224B630CD0031DBFF /* Embed Watch Content */ = {
			isa = PBXCopyFilesBuildPhase;
			buildActionMask = 2147483647;
			dstPath = "$(CONTENTS_FOLDER_PATH)/Watch";
			dstSubfolderSpec = 16;
			files = (
				807358C524B630CA0031DBFF /* SimpleTimer WatchKit App.app in Embed Watch Content */,
			);
			name = "Embed Watch Content";
			runOnlyForDeploymentPostprocessing = 0;
		};
/* End PBXCopyFilesBuildPhase section */

/* Begin PBXFileReference section */
		807358C024B630CA0031DBFF /* SimpleTimer.app */ = {isa = PBXFileReference; explicitFileType = wrapper.application; includeInIndex = 0; path = SimpleTimer.app; sourceTree = BUILT_PRODUCTS_DIR; };
		807358C424B630CA0031DBFF /* SimpleTimer WatchKit App.app */ = {isa = PBXFileReference; explicitFileType = wrapper.application; includeInIndex = 0; path = "SimpleTimer WatchKit App.app"; sourceTree = BUILT_PRODUCTS_DIR; };
		807358CA24B630CA0031DBFF /* Base */ = {isa = PBXFileReference; lastKnownFileType = file.storyboard; name = Base; path = Base.lproj/Interface.storyboard; sourceTree = "<group>"; };
		807358CC24B630CC0031DBFF /* Assets.xcassets */ = {isa = PBXFileReference; lastKnownFileType = folder.assetcatalog; path = Assets.xcassets; sourceTree = "<group>"; };
		807358CE24B630CC0031DBFF /* Info.plist */ = {isa = PBXFileReference; lastKnownFileType = text.plist.xml; path = Info.plist; sourceTree = "<group>"; };
		807358D324B630CC0031DBFF /* SimpleTimer WatchKit Extension.appex */ = {isa = PBXFileReference; explicitFileType = "wrapper.app-extension"; includeInIndex = 0; path = "SimpleTimer WatchKit Extension.appex"; sourceTree = BUILT_PRODUCTS_DIR; };
		807358D824B630CC0031DBFF /* ContentView.swift */ = {isa = PBXFileReference; lastKnownFileType = sourcecode.swift; path = ContentView.swift; sourceTree = "<group>"; };
		807358DA24B630CC0031DBFF /* HostingController.swift */ = {isa = PBXFileReference; lastKnownFileType = sourcecode.swift; path = HostingController.swift; sourceTree = "<group>"; };
		807358DC24B630CC0031DBFF /* ExtensionDelegate.swift */ = {isa = PBXFileReference; lastKnownFileType = sourcecode.swift; path = ExtensionDelegate.swift; sourceTree = "<group>"; };
		807358DE24B630CC0031DBFF /* NotificationController.swift */ = {isa = PBXFileReference; lastKnownFileType = sourcecode.swift; path = NotificationController.swift; sourceTree = "<group>"; };
		807358E024B630CC0031DBFF /* NotificationView.swift */ = {isa = PBXFileReference; lastKnownFileType = sourcecode.swift; path = NotificationView.swift; sourceTree = "<group>"; };
		807358E224B630CD0031DBFF /* Assets.xcassets */ = {isa = PBXFileReference; lastKnownFileType = folder.assetcatalog; path = Assets.xcassets; sourceTree = "<group>"; };
		807358E524B630CD0031DBFF /* Preview Assets.xcassets */ = {isa = PBXFileReference; lastKnownFileType = folder.assetcatalog; path = "Preview Assets.xcassets"; sourceTree = "<group>"; };
		807358E724B630CD0031DBFF /* Info.plist */ = {isa = PBXFileReference; lastKnownFileType = text.plist.xml; path = Info.plist; sourceTree = "<group>"; };
		807358E824B630CD0031DBFF /* PushNotificationPayload.apns */ = {isa = PBXFileReference; lastKnownFileType = text; path = PushNotificationPayload.apns; sourceTree = "<group>"; };
/* End PBXFileReference section */

/* Begin PBXFrameworksBuildPhase section */
		807358D024B630CC0031DBFF /* Frameworks */ = {
			isa = PBXFrameworksBuildPhase;
			buildActionMask = 2147483647;
			files = (
			);
			runOnlyForDeploymentPostprocessing = 0;
		};
/* End PBXFrameworksBuildPhase section */

/* Begin PBXGroup section */
		807358B924B630CA0031DBFF = {
			isa = PBXGroup;
			children = (
				807358C824B630CA0031DBFF /* SimpleTimer WatchKit App */,
				807358D724B630CC0031DBFF /* SimpleTimer WatchKit Extension */,
				807358C124B630CA0031DBFF /* Products */,
			);
			sourceTree = "<group>";
		};
		807358C124B630CA0031DBFF /* Products */ = {
			isa = PBXGroup;
			children = (
				807358C024B630CA0031DBFF /* SimpleTimer.app */,
				807358C424B630CA0031DBFF /* SimpleTimer WatchKit App.app */,
				807358D324B630CC0031DBFF /* SimpleTimer WatchKit Extension.appex */,
			);
			name = Products;
			sourceTree = "<group>";
		};
		807358C824B630CA0031DBFF /* SimpleTimer WatchKit App */ = {
			isa = PBXGroup;
			children = (
				807358C924B630CA0031DBFF /* Interface.storyboard */,
				807358CC24B630CC0031DBFF /* Assets.xcassets */,
				807358CE24B630CC0031DBFF /* Info.plist */,
			);
			path = "SimpleTimer WatchKit App";
			sourceTree = "<group>";
		};
		807358D724B630CC0031DBFF /* SimpleTimer WatchKit Extension */ = {
			isa = PBXGroup;
			children = (
				807358D824B630CC0031DBFF /* ContentView.swift */,
				807358DA24B630CC0031DBFF /* HostingController.swift */,
				807358DC24B630CC0031DBFF /* ExtensionDelegate.swift */,
				807358DE24B630CC0031DBFF /* NotificationController.swift */,
				807358E024B630CC0031DBFF /* NotificationView.swift */,
				807358E224B630CD0031DBFF /* Assets.xcassets */,
				807358E724B630CD0031DBFF /* Info.plist */,
				807358E824B630CD0031DBFF /* PushNotificationPayload.apns */,
				807358E424B630CD0031DBFF /* Preview Content */,
			);
			path = "SimpleTimer WatchKit Extension";
			sourceTree = "<group>";
		};
		807358E424B630CD0031DBFF /* Preview Content */ = {
			isa = PBXGroup;
			children = (
				807358E524B630CD0031DBFF /* Preview Assets.xcassets */,
			);
			path = "Preview Content";
			sourceTree = "<group>";
		};
/* End PBXGroup section */

/* Begin PBXNativeTarget section */
		807358BF24B630CA0031DBFF /* SimpleTimer */ = {
			isa = PBXNativeTarget;
			buildConfigurationList = 807358F324B630CD0031DBFF /* Build configuration list for PBXNativeTarget "SimpleTimer" */;
			buildPhases = (
				807358BE24B630CA0031DBFF /* Resources */,
				807358F224B630CD0031DBFF /* Embed Watch Content */,
			);
			buildRules = (
			);
			dependencies = (
				807358C724B630CA0031DBFF /* PBXTargetDependency */,
			);
			name = SimpleTimer;
			productName = SimpleTimer;
			productReference = 807358C024B630CA0031DBFF /* SimpleTimer.app */;
			productType = "com.apple.product-type.application.watchapp2-container";
		};
		807358C324B630CA0031DBFF /* SimpleTimer WatchKit App */ = {
			isa = PBXNativeTarget;
			buildConfigurationList = 807358EF24B630CD0031DBFF /* Build configuration list for PBXNativeTarget "SimpleTimer WatchKit App" */;
			buildPhases = (
				807358C224B630CA0031DBFF /* Resources */,
				807358EE24B630CD0031DBFF /* Embed App Extensions */,
			);
			buildRules = (
			);
			dependencies = (
				807358D624B630CC0031DBFF /* PBXTargetDependency */,
			);
			name = "SimpleTimer WatchKit App";
			productName = "SimpleTimer WatchKit App";
			productReference = 807358C424B630CA0031DBFF /* SimpleTimer WatchKit App.app */;
			productType = "com.apple.product-type.application.watchapp2";
		};
		807358D224B630CC0031DBFF /* SimpleTimer WatchKit Extension */ = {
			isa = PBXNativeTarget;
			buildConfigurationList = 807358EB24B630CD0031DBFF /* Build configuration list for PBXNativeTarget "SimpleTimer WatchKit Extension" */;
			buildPhases = (
				807358CF24B630CC0031DBFF /* Sources */,
				807358D024B630CC0031DBFF /* Frameworks */,
				807358D124B630CC0031DBFF /* Resources */,
			);
			buildRules = (
			);
			dependencies = (
			);
			name = "SimpleTimer WatchKit Extension";
			productName = "SimpleTimer WatchKit Extension";
			productReference = 807358D324B630CC0031DBFF /* SimpleTimer WatchKit Extension.appex */;
			productType = "com.apple.product-type.watchkit2-extension";
		};
/* End PBXNativeTarget section */

/* Begin PBXProject section */
		807358BA24B630CA0031DBFF /* Project object */ = {
			isa = PBXProject;
			attributes = {
				LastSwiftUpdateCheck = 1150;
				LastUpgradeCheck = 1150;
				ORGANIZATIONNAME = "ANDREY VORONTSOV";
				TargetAttributes = {
					807358BF24B630CA0031DBFF = {
						CreatedOnToolsVersion = 11.5;
					};
					807358C324B630CA0031DBFF = {
						CreatedOnToolsVersion = 11.5;
					};
					807358D224B630CC0031DBFF = {
						CreatedOnToolsVersion = 11.5;
					};
				};
			};
			buildConfigurationList = 807358BD24B630CA0031DBFF /* Build configuration list for PBXProject "SimpleTimer" */;
			compatibilityVersion = "Xcode 9.3";
			developmentRegion = en;
			hasScannedForEncodings = 0;
			knownRegions = (
				en,
				Base,
			);
			mainGroup = 807358B924B630CA0031DBFF;
			productRefGroup = 807358C124B630CA0031DBFF /* Products */;
			projectDirPath = "";
			projectRoot = "";
			targets = (
				807358BF24B630CA0031DBFF /* SimpleTimer */,
				807358C324B630CA0031DBFF /* SimpleTimer WatchKit App */,
				807358D224B630CC0031DBFF /* SimpleTimer WatchKit Extension */,
			);
		};
/* End PBXProject section */

/* Begin PBXResourcesBuildPhase section */
		807358BE24B630CA0031DBFF /* Resources */ = {
			isa = PBXResourcesBuildPhase;
			buildActionMask = 2147483647;
			files = (
			);
			runOnlyForDeploymentPostprocessing = 0;
		};
		807358C224B630CA0031DBFF /* Resources */ = {
			isa = PBXResourcesBuildPhase;
			buildActionMask = 2147483647;
			files = (
				807358CD24B630CC0031DBFF /* Assets.xcassets in Resources */,
				807358CB24B630CA0031DBFF /* Interface.storyboard in Resources */,
			);
			runOnlyForDeploymentPostprocessing = 0;
		};
		807358D124B630CC0031DBFF /* Resources */ = {
			isa = PBXResourcesBuildPhase;
			buildActionMask = 2147483647;
			files = (
				807358E624B630CD0031DBFF /* Preview Assets.xcassets in Resources */,
				807358E324B630CD0031DBFF /* Assets.xcassets in Resources */,
			);
			runOnlyForDeploymentPostprocessing = 0;
		};
/* End PBXResourcesBuildPhase section */

/* Begin PBXSourcesBuildPhase section */
		807358CF24B630CC0031DBFF /* Sources */ = {
			isa = PBXSourcesBuildPhase;
			buildActionMask = 2147483647;
			files = (
				807358DB24B630CC0031DBFF /* HostingController.swift in Sources */,
				807358D924B630CC0031DBFF /* ContentView.swift in Sources */,
				807358DF24B630CC0031DBFF /* NotificationController.swift in Sources */,
				807358DD24B630CC0031DBFF /* ExtensionDelegate.swift in Sources */,
				807358E124B630CC0031DBFF /* NotificationView.swift in Sources */,
			);
			runOnlyForDeploymentPostprocessing = 0;
		};
/* End PBXSourcesBuildPhase section */

/* Begin PBXTargetDependency section */
		807358C724B630CA0031DBFF /* PBXTargetDependency */ = {
			isa = PBXTargetDependency;
			target = 807358C324B630CA0031DBFF /* SimpleTimer WatchKit App */;
			targetProxy = 807358C624B630CA0031DBFF /* PBXContainerItemProxy */;
		};
		807358D624B630CC0031DBFF /* PBXTargetDependency */ = {
			isa = PBXTargetDependency;
			target = 807358D224B630CC0031DBFF /* SimpleTimer WatchKit Extension */;
			targetProxy = 807358D524B630CC0031DBFF /* PBXContainerItemProxy */;
		};
/* End PBXTargetDependency section */

/* Begin PBXVariantGroup section */
		807358C924B630CA0031DBFF /* Interface.storyboard */ = {
			isa = PBXVariantGroup;
			children = (
				807358CA24B630CA0031DBFF /* Base */,
			);
			name = Interface.storyboard;
			sourceTree = "<group>";
		};
/* End PBXVariantGroup section */

/* Begin XCBuildConfiguration section */
		807358E924B630CD0031DBFF /* Debug */ = {
			isa = XCBuildConfiguration;
			buildSettings = {
				ALWAYS_SEARCH_USER_PATHS = NO;
				CLANG_ANALYZER_NONNULL = YES;
				CLANG_ANALYZER_NUMBER_OBJECT_CONVERSION = YES_AGGRESSIVE;
				CLANG_CXX_LANGUAGE_STANDARD = "gnu++14";
				CLANG_CXX_LIBRARY = "libc++";
				CLANG_ENABLE_MODULES = YES;
				CLANG_ENABLE_OBJC_ARC = YES;
				CLANG_ENABLE_OBJC_WEAK = YES;
				CLANG_WARN_BLOCK_CAPTURE_AUTORELEASING = YES;
				CLANG_WARN_BOOL_CONVERSION = YES;
				CLANG_WARN_COMMA = YES;
				CLANG_WARN_CONSTANT_CONVERSION = YES;
				CLANG_WARN_DEPRECATED_OBJC_IMPLEMENTATIONS = YES;
				CLANG_WARN_DIRECT_OBJC_ISA_USAGE = YES_ERROR;
				CLANG_WARN_DOCUMENTATION_COMMENTS = YES;
				CLANG_WARN_EMPTY_BODY = YES;
				CLANG_WARN_ENUM_CONVERSION = YES;
				CLANG_WARN_INFINITE_RECURSION = YES;
				CLANG_WARN_INT_CONVERSION = YES;
				CLANG_WARN_NON_LITERAL_NULL_CONVERSION = YES;
				CLANG_WARN_OBJC_IMPLICIT_RETAIN_SELF = YES;
				CLANG_WARN_OBJC_LITERAL_CONVERSION = YES;
				CLANG_WARN_OBJC_ROOT_CLASS = YES_ERROR;
				CLANG_WARN_RANGE_LOOP_ANALYSIS = YES;
				CLANG_WARN_STRICT_PROTOTYPES = YES;
				CLANG_WARN_SUSPICIOUS_MOVE = YES;
				CLANG_WARN_UNGUARDED_AVAILABILITY = YES_AGGRESSIVE;
				CLANG_WARN_UNREACHABLE_CODE = YES;
				CLANG_WARN__DUPLICATE_METHOD_MATCH = YES;
				COPY_PHASE_STRIP = NO;
				DEBUG_INFORMATION_FORMAT = dwarf;
				ENABLE_STRICT_OBJC_MSGSEND = YES;
				ENABLE_TESTABILITY = YES;
				GCC_C_LANGUAGE_STANDARD = gnu11;
				GCC_DYNAMIC_NO_PIC = NO;
				GCC_NO_COMMON_BLOCKS = YES;
				GCC_OPTIMIZATION_LEVEL = 0;
				GCC_PREPROCESSOR_DEFINITIONS = (
					"DEBUG=1",
					"$(inherited)",
				);
				GCC_WARN_64_TO_32_BIT_CONVERSION = YES;
				GCC_WARN_ABOUT_RETURN_TYPE = YES_ERROR;
				GCC_WARN_UNDECLARED_SELECTOR = YES;
				GCC_WARN_UNINITIALIZED_AUTOS = YES_AGGRESSIVE;
				GCC_WARN_UNUSED_FUNCTION = YES;
				GCC_WARN_UNUSED_VARIABLE = YES;
				MTL_ENABLE_DEBUG_INFO = INCLUDE_SOURCE;
				MTL_FAST_MATH = YES;
				ONLY_ACTIVE_ARCH = YES;
				SDKROOT = iphoneos;
				SWIFT_ACTIVE_COMPILATION_CONDITIONS = DEBUG;
				SWIFT_OPTIMIZATION_LEVEL = "-Onone";
			};
			name = Debug;
		};
		807358EA24B630CD0031DBFF /* Release */ = {
			isa = XCBuildConfiguration;
			buildSettings = {
				ALWAYS_SEARCH_USER_PATHS = NO;
				CLANG_ANALYZER_NONNULL = YES;
				CLANG_ANALYZER_NUMBER_OBJECT_CONVERSION = YES_AGGRESSIVE;
				CLANG_CXX_LANGUAGE_STANDARD = "gnu++14";
				CLANG_CXX_LIBRARY = "libc++";
				CLANG_ENABLE_MODULES = YES;
				CLANG_ENABLE_OBJC_ARC = YES;
				CLANG_ENABLE_OBJC_WEAK = YES;
				CLANG_WARN_BLOCK_CAPTURE_AUTORELEASING = YES;
				CLANG_WARN_BOOL_CONVERSION = YES;
				CLANG_WARN_COMMA = YES;
				CLANG_WARN_CONSTANT_CONVERSION = YES;
				CLANG_WARN_DEPRECATED_OBJC_IMPLEMENTATIONS = YES;
				CLANG_WARN_DIRECT_OBJC_ISA_USAGE = YES_ERROR;
				CLANG_WARN_DOCUMENTATION_COMMENTS = YES;
				CLANG_WARN_EMPTY_BODY = YES;
				CLANG_WARN_ENUM_CONVERSION = YES;
				CLANG_WARN_INFINITE_RECURSION = YES;
				CLANG_WARN_INT_CONVERSION = YES;
				CLANG_WARN_NON_LITERAL_NULL_CONVERSION = YES;
				CLANG_WARN_OBJC_IMPLICIT_RETAIN_SELF = YES;
				CLANG_WARN_OBJC_LITERAL_CONVERSION = YES;
				CLANG_WARN_OBJC_ROOT_CLASS = YES_ERROR;
				CLANG_WARN_RANGE_LOOP_ANALYSIS = YES;
				CLANG_WARN_STRICT_PROTOTYPES = YES;
				CLANG_WARN_SUSPICIOUS_MOVE = YES;
				CLANG_WARN_UNGUARDED_AVAILABILITY = YES_AGGRESSIVE;
				CLANG_WARN_UNREACHABLE_CODE = YES;
				CLANG_WARN__DUPLICATE_METHOD_MATCH = YES;
				COPY_PHASE_STRIP = NO;
				DEBUG_INFORMATION_FORMAT = "dwarf-with-dsym";
				ENABLE_NS_ASSERTIONS = NO;
				ENABLE_STRICT_OBJC_MSGSEND = YES;
				GCC_C_LANGUAGE_STANDARD = gnu11;
				GCC_NO_COMMON_BLOCKS = YES;
				GCC_WARN_64_TO_32_BIT_CONVERSION = YES;
				GCC_WARN_ABOUT_RETURN_TYPE = YES_ERROR;
				GCC_WARN_UNDECLARED_SELECTOR = YES;
				GCC_WARN_UNINITIALIZED_AUTOS = YES_AGGRESSIVE;
				GCC_WARN_UNUSED_FUNCTION = YES;
				GCC_WARN_UNUSED_VARIABLE = YES;
				MTL_ENABLE_DEBUG_INFO = NO;
				MTL_FAST_MATH = YES;
				SDKROOT = iphoneos;
				SWIFT_COMPILATION_MODE = wholemodule;
				SWIFT_OPTIMIZATION_LEVEL = "-O";
				VALIDATE_PRODUCT = YES;
			};
			name = Release;
		};
		807358EC24B630CD0031DBFF /* Debug */ = {
			isa = XCBuildConfiguration;
			buildSettings = {
				ASSETCATALOG_COMPILER_COMPLICATION_NAME = Complication;
				CODE_SIGN_STYLE = Automatic;
				DEVELOPMENT_ASSET_PATHS = "\"SimpleTimer WatchKit Extension/Preview Content\"";
				DEVELOPMENT_TEAM = 4DZQ8R87XF;
				ENABLE_PREVIEWS = YES;
				INFOPLIST_FILE = "SimpleTimer WatchKit Extension/Info.plist";
				LD_RUNPATH_SEARCH_PATHS = (
					"$(inherited)",
					"@executable_path/Frameworks",
					"@executable_path/../../Frameworks",
				);
				PRODUCT_BUNDLE_IDENTIFIER = ru.nextexit.SimpleTimer.watchkitapp.watchkitextension;
				PRODUCT_NAME = "${TARGET_NAME}";
				SDKROOT = watchos;
				SKIP_INSTALL = YES;
				SWIFT_VERSION = 5.0;
				TARGETED_DEVICE_FAMILY = 4;
				WATCHOS_DEPLOYMENT_TARGET = 6.2;
			};
			name = Debug;
		};
		807358ED24B630CD0031DBFF /* Release */ = {
			isa = XCBuildConfiguration;
			buildSettings = {
				ASSETCATALOG_COMPILER_COMPLICATION_NAME = Complication;
				CODE_SIGN_STYLE = Automatic;
				DEVELOPMENT_ASSET_PATHS = "\"SimpleTimer WatchKit Extension/Preview Content\"";
				DEVELOPMENT_TEAM = 4DZQ8R87XF;
				ENABLE_PREVIEWS = YES;
				INFOPLIST_FILE = "SimpleTimer WatchKit Extension/Info.plist";
				LD_RUNPATH_SEARCH_PATHS = (
					"$(inherited)",
					"@executable_path/Frameworks",
					"@executable_path/../../Frameworks",
				);
				PRODUCT_BUNDLE_IDENTIFIER = ru.nextexit.SimpleTimer.watchkitapp.watchkitextension;
				PRODUCT_NAME = "${TARGET_NAME}";
				SDKROOT = watchos;
				SKIP_INSTALL = YES;
				SWIFT_VERSION = 5.0;
				TARGETED_DEVICE_FAMILY = 4;
				WATCHOS_DEPLOYMENT_TARGET = 6.2;
			};
			name = Release;
		};
		807358F024B630CD0031DBFF /* Debug */ = {
			isa = XCBuildConfiguration;
			buildSettings = {
				ALWAYS_EMBED_SWIFT_STANDARD_LIBRARIES = YES;
				ASSETCATALOG_COMPILER_APPICON_NAME = AppIcon;
				CODE_SIGN_STYLE = Automatic;
				DEVELOPMENT_TEAM = 4DZQ8R87XF;
				IBSC_MODULE = SimpleTimer_WatchKit_Extension;
				INFOPLIST_FILE = "SimpleTimer WatchKit App/Info.plist";
				PRODUCT_BUNDLE_IDENTIFIER = ru.nextexit.SimpleTimer.watchkitapp;
				PRODUCT_NAME = "$(TARGET_NAME)";
				SDKROOT = watchos;
				SKIP_INSTALL = YES;
				SWIFT_VERSION = 5.0;
				TARGETED_DEVICE_FAMILY = 4;
				WATCHOS_DEPLOYMENT_TARGET = 6.2;
			};
			name = Debug;
		};
		807358F124B630CD0031DBFF /* Release */ = {
			isa = XCBuildConfiguration;
			buildSettings = {
				ALWAYS_EMBED_SWIFT_STANDARD_LIBRARIES = YES;
				ASSETCATALOG_COMPILER_APPICON_NAME = AppIcon;
				CODE_SIGN_STYLE = Automatic;
				DEVELOPMENT_TEAM = 4DZQ8R87XF;
				IBSC_MODULE = SimpleTimer_WatchKit_Extension;
				INFOPLIST_FILE = "SimpleTimer WatchKit App/Info.plist";
				PRODUCT_BUNDLE_IDENTIFIER = ru.nextexit.SimpleTimer.watchkitapp;
				PRODUCT_NAME = "$(TARGET_NAME)";
				SDKROOT = watchos;
				SKIP_INSTALL = YES;
				SWIFT_VERSION = 5.0;
				TARGETED_DEVICE_FAMILY = 4;
				WATCHOS_DEPLOYMENT_TARGET = 6.2;
			};
			name = Release;
		};
		807358F424B630CD0031DBFF /* Debug */ = {
			isa = XCBuildConfiguration;
			buildSettings = {
				CODE_SIGN_STYLE = Automatic;
				CURRENT_PROJECT_VERSION = 1;
				DEVELOPMENT_TEAM = 4DZQ8R87XF;
				MARKETING_VERSION = 1.0;
				PRODUCT_BUNDLE_IDENTIFIER = ru.nextexit.SimpleTimer;
				PRODUCT_NAME = "$(TARGET_NAME)";
				SWIFT_VERSION = 5.0;
			};
			name = Debug;
		};
		807358F524B630CD0031DBFF /* Release */ = {
			isa = XCBuildConfiguration;
			buildSettings = {
				CODE_SIGN_STYLE = Automatic;
				CURRENT_PROJECT_VERSION = 1;
				DEVELOPMENT_TEAM = 4DZQ8R87XF;
				MARKETING_VERSION = 1.0;
				PRODUCT_BUNDLE_IDENTIFIER = ru.nextexit.SimpleTimer;
				PRODUCT_NAME = "$(TARGET_NAME)";
				SWIFT_VERSION = 5.0;
			};
			name = Release;
		};
/* End XCBuildConfiguration section */

/* Begin XCConfigurationList section */
		807358BD24B630CA0031DBFF /* Build configuration list for PBXProject "SimpleTimer" */ = {
			isa = XCConfigurationList;
			buildConfigurations = (
				807358E924B630CD0031DBFF /* Debug */,
				807358EA24B630CD0031DBFF /* Release */,
			);
			defaultConfigurationIsVisible = 0;
			defaultConfigurationName = Release;
		};
		807358EB24B630CD0031DBFF /* Build configuration list for PBXNativeTarget "SimpleTimer WatchKit Extension" */ = {
			isa = XCConfigurationList;
			buildConfigurations = (
				807358EC24B630CD0031DBFF /* Debug */,
				807358ED24B630CD0031DBFF /* Release */,
			);
			defaultConfigurationIsVisible = 0;
			defaultConfigurationName = Release;
		};
		807358EF24B630CD0031DBFF /* Build configuration list for PBXNativeTarget "SimpleTimer WatchKit App" */ = {
			isa = XCConfigurationList;
			buildConfigurations = (
				807358F024B630CD0031DBFF /* Debug */,
				807358F124B630CD0031DBFF /* Release */,
			);
			defaultConfigurationIsVisible = 0;
			defaultConfigurationName = Release;
		};
		807358F324B630CD0031DBFF /* Build configuration list for PBXNativeTarget "SimpleTimer" */ = {
			isa = XCConfigurationList;
			buildConfigurations = (
				807358F424B630CD0031DBFF /* Debug */,
				807358F524B630CD0031DBFF /* Release */,
			);
			defaultConfigurationIsVisible = 0;
			defaultConfigurationName = Release;
		};
/* End XCConfigurationList section */
	};
	rootObject = 807358BA24B630CA0031DBFF /* Project object */;
}
